
Microsoft Visual Studio Solution File, Format Version 12.00
# Visual Studio Version 17
VisualStudioVersion = 17.2.32630.192
MinimumVisualStudioVersion = 10.0.40219.1
Project("{FAE04EC0-301F-11D3-BF4B-00C04F79EFBC}") = "CSVProcessor", "CSVProcessor\CSVProcessor.csproj", "{2FA64BF0-A229-408E-B7F1-9332EC0BC6AD}"
EndProject
Global
	GlobalSection(SolutionConfigurationPlatforms) = preSolution
		Debug|Any CPU = Debug|Any CPU
		Release|Any CPU = Release|Any CPU
	EndGlobalSection
	GlobalSection(ProjectConfigurationPlatforms) = postSolution
		{2FA64BF0-A229-408E-B7F1-9332EC0BC6AD}.Debug|Any CPU.ActiveCfg = Debug|Any CPU
		{2FA64BF0-A229-408E-B7F1-9332EC0BC6AD}.Debug|Any CPU.Build.0 = Debug|Any CPU
		{2FA64BF0-A229-408E-B7F1-9332EC0BC6AD}.Release|Any CPU.ActiveCfg = Release|Any CPU
		{2FA64BF0-A229-408E-B7F1-9332EC0BC6AD}.Release|Any CPU.Build.0 = Release|Any CPU
	EndGlobalSection
	GlobalSection(SolutionProperties) = preSolution
		HideSolutionNode = FALSE
	EndGlobalSection
	GlobalSection(ExtensibilityGlobals) = postSolution
		SolutionGuid = {3E95AD2E-195F-47A8-9E40-7DE82EC85474}
	EndGlobalSection
EndGlobal
